
Microsoft Visual Studio Solution File, Format Version 12.00
# Visual Studio Version 17
VisualStudioVersion = 17.4.33110.190
MinimumVisualStudioVersion = 10.0.40219.1
Project("{FAE04EC0-301F-11D3-BF4B-00C04F79EFBC}") = "XFP.Impact_Ultimate", "XFP.Impact_Ultimate\XFP.Impact_Ultimate.csproj", "{F23569B9-868B-4AFA-BA8C-E2D19E316EB1}"
EndProject
Global
	GlobalSection(SolutionConfigurationPlatforms) = preSolution
		Debug|Any CPU = Debug|Any CPU
		Release|Any CPU = Release|Any CPU
	EndGlobalSection
	GlobalSection(ProjectConfigurationPlatforms) = postSolution
		{F23569B9-868B-4AFA-BA8C-E2D19E316EB1}.Debug|Any CPU.ActiveCfg = Debug|Any CPU
		{F23569B9-868B-4AFA-BA8C-E2D19E316EB1}.Debug|Any CPU.Build.0 = Debug|Any CPU
		{F23569B9-868B-4AFA-BA8C-E2D19E316EB1}.Release|Any CPU.ActiveCfg = Release|Any CPU
		{F23569B9-868B-4AFA-BA8C-E2D19E316EB1}.Release|Any CPU.Build.0 = Release|Any CPU
	EndGlobalSection
	GlobalSection(SolutionProperties) = preSolution
		HideSolutionNode = FALSE
	EndGlobalSection
	GlobalSection(ExtensibilityGlobals) = postSolution
		SolutionGuid = {23E69633-DC88-4278-B3E4-8549964E56F3}
	EndGlobalSection
EndGlobal
